Microsoft Visual Studio Solution File, Format Version 9.00
# Visual Studio 2005
Project("{FAE04EC0-301F-11D3-BF4B-00C04F79EFBC}") = "Server", "Server\Server.csproj", "{78581B6E-41D2-452F-B28A-30A6C80887C8}"
EndProject
Project("{FAE04EC0-301F-11D3-BF4B-00C04F79EFBC}") = "CommonTypes", "CommonTypes\CommonTypes.csproj", "{DDFD7B0B-AEC6-4ED4-BDD4-8CE212D28158}"
EndProject
Project("{FAE04EC0-301F-11D3-BF4B-00C04F79EFBC}") = "Client", "Client\Client.csproj", "{10814E0A-3901-4218-A466-E7660471CEE6}"
EndProject
Global
	GlobalSection(SolutionConfigurationPlatforms) = preSolution
		Debug|Any CPU = Debug|Any CPU
		Release|Any CPU = Release|Any CPU
	EndGlobalSection
	GlobalSection(ProjectConfigurationPlatforms) = postSolution
		{78581B6E-41D2-452F-B28A-30A6C80887C8}.Debug|Any CPU.ActiveCfg = Debug|Any CPU
		{78581B6E-41D2-452F-B28A-30A6C80887C8}.Debug|Any CPU.Build.0 = Debug|Any CPU
		{78581B6E-41D2-452F-B28A-30A6C80887C8}.Release|Any CPU.ActiveCfg = Release|Any CPU
		{78581B6E-41D2-452F-B28A-30A6C80887C8}.Release|Any CPU.Build.0 = Release|Any CPU
		{DDFD7B0B-AEC6-4ED4-BDD4-8CE212D28158}.Debug|Any CPU.ActiveCfg = Debug|Any CPU
		{DDFD7B0B-AEC6-4ED4-BDD4-8CE212D28158}.Debug|Any CPU.Build.0 = Debug|Any CPU
		{DDFD7B0B-AEC6-4ED4-BDD4-8CE212D28158}.Release|Any CPU.ActiveCfg = Release|Any CPU
		{DDFD7B0B-AEC6-4ED4-BDD4-8CE212D28158}.Release|Any CPU.Build.0 = Release|Any CPU
		{10814E0A-3901-4218-A466-E7660471CEE6}.Debug|Any CPU.ActiveCfg = Debug|Any CPU
		{10814E0A-3901-4218-A466-E7660471CEE6}.Debug|Any CPU.Build.0 = Debug|Any CPU
		{10814E0A-3901-4218-A466-E7660471CEE6}.Release|Any CPU.ActiveCfg = Release|Any CPU
		{10814E0A-3901-4218-A466-E7660471CEE6}.Release|Any CPU.Build.0 = Release|Any CPU
	EndGlobalSection
	GlobalSection(SolutionProperties) = preSolution
		HideSolutionNode = FALSE
	EndGlobalSection
EndGlobal
