
Microsoft Visual Studio Solution File, Format Version 12.00
# Visual Studio Express 2012 for Windows Desktop
Project("{FAE04EC0-301F-11D3-BF4B-00C04F79EFBC}") = "PuppetMasterApplication", "PuppetMaster\PuppetMasterApplication.csproj", "{77676AFC-D06A-4839-ABD6-E7E1E7A70A83}"
EndProject
Project("{FAE04EC0-301F-11D3-BF4B-00C04F79EFBC}") = "ClientApplication", "ClientApplication\ClientApplication.csproj", "{78DC99C0-5BFB-4C00-9200-ADD9BA5E0738}"
EndProject
Global
	GlobalSection(SolutionConfigurationPlatforms) = preSolution
		Debug|Any CPU = Debug|Any CPU
		Release|Any CPU = Release|Any CPU
	EndGlobalSection
	GlobalSection(ProjectConfigurationPlatforms) = postSolution
		{77676AFC-D06A-4839-ABD6-E7E1E7A70A83}.Debug|Any CPU.ActiveCfg = Debug|Any CPU
		{77676AFC-D06A-4839-ABD6-E7E1E7A70A83}.Debug|Any CPU.Build.0 = Debug|Any CPU
		{77676AFC-D06A-4839-ABD6-E7E1E7A70A83}.Release|Any CPU.ActiveCfg = Release|Any CPU
		{77676AFC-D06A-4839-ABD6-E7E1E7A70A83}.Release|Any CPU.Build.0 = Release|Any CPU
		{78DC99C0-5BFB-4C00-9200-ADD9BA5E0738}.Debug|Any CPU.ActiveCfg = Debug|Any CPU
		{78DC99C0-5BFB-4C00-9200-ADD9BA5E0738}.Debug|Any CPU.Build.0 = Debug|Any CPU
		{78DC99C0-5BFB-4C00-9200-ADD9BA5E0738}.Release|Any CPU.ActiveCfg = Release|Any CPU
		{78DC99C0-5BFB-4C00-9200-ADD9BA5E0738}.Release|Any CPU.Build.0 = Release|Any CPU
	EndGlobalSection
	GlobalSection(SolutionProperties) = preSolution
		HideSolutionNode = FALSE
	EndGlobalSection
EndGlobal
